
Microsoft Visual Studio Solution File, Format Version 12.00
# Visual Studio Version 17
VisualStudioVersion = 17.5.33627.172
MinimumVisualStudioVersion = 10.0.40219.1
Project("{FAE04EC0-301F-11D3-BF4B-00C04F79EFBC}") = "IndividualTest_Terence", "IndividualTest_Terence\IndividualTest_Terence.csproj", "{370FD911-F593-4DDF-8706-E5A6579063AF}"
EndProject
Global
	GlobalSection(SolutionConfigurationPlatforms) = preSolution
		Debug|Any CPU = Debug|Any CPU
		Release|Any CPU = Release|Any CPU
	EndGlobalSection
	GlobalSection(ProjectConfigurationPlatforms) = postSolution
		{370FD911-F593-4DDF-8706-E5A6579063AF}.Debug|Any CPU.ActiveCfg = Debug|Any CPU
		{370FD911-F593-4DDF-8706-E5A6579063AF}.Debug|Any CPU.Build.0 = Debug|Any CPU
		{370FD911-F593-4DDF-8706-E5A6579063AF}.Release|Any CPU.ActiveCfg = Release|Any CPU
		{370FD911-F593-4DDF-8706-E5A6579063AF}.Release|Any CPU.Build.0 = Release|Any CPU
	EndGlobalSection
	GlobalSection(SolutionProperties) = preSolution
		HideSolutionNode = FALSE
	EndGlobalSection
	GlobalSection(ExtensibilityGlobals) = postSolution
		SolutionGuid = {B4C7B6EC-0E6F-418F-B843-8090B7445633}
	EndGlobalSection
EndGlobal
